// !$*UTF8*$!
{
	archiveVersion = 1;
	classes = {
	};
	objectVersion = 46;
	objects = {

/* Begin PBXBuildFile section */
		2741CF1F1C7F63960014D040 /* AppDelegate.swift in Sources */ = {isa = PBXBuildFile; fileRef = 2741CF1E1C7F63960014D040 /* AppDelegate.swift */; };
		2741CF211C7F63960014D040 /* ViewController.swift in Sources */ = {isa = PBXBuildFile; fileRef = 2741CF201C7F63960014D040 /* ViewController.swift */; };
		2741CF241C7F63960014D040 /* Main.storyboard in Resources */ = {isa = PBXBuildFile; fileRef = 2741CF221C7F63960014D040 /* Main.storyboard */; };
		2741CF261C7F63960014D040 /* Assets.xcassets in Resources */ = {isa = PBXBuildFile; fileRef = 2741CF251C7F63960014D040 /* Assets.xcassets */; };
		2741CF291C7F63960014D040 /* LaunchScreen.storyboard in Resources */ = {isa = PBXBuildFile; fileRef = 2741CF271C7F63960014D040 /* LaunchScreen.storyboard */; };
/* End PBXBuildFile section */

/* Begin PBXFileReference section */
		2741CF1B1C7F63960014D040 /* stack-views2.app */ = {isa = PBXFileReference; explicitFileType = wrapper.application; includeInIndex = 0; path = "stack-views2.app"; sourceTree = BUILT_PRODUCTS_DIR; };
		2741CF1E1C7F63960014D040 /* AppDelegate.swift */ = {isa = PBXFileReference; lastKnownFileType = sourcecode.swift; path = AppDelegate.swift; sourceTree = "<group>"; };
		2741CF201C7F63960014D040 /* ViewController.swift */ = {isa = PBXFileReference; lastKnownFileType = sourcecode.swift; path = ViewController.swift; sourceTree = "<group>"; };
		2741CF231C7F63960014D040 /* Base */ = {isa = PBXFileReference; lastKnownFileType = file.storyboard; name = Base; path = Base.lproj/Main.storyboard; sourceTree = "<group>"; };
		2741CF251C7F63960014D040 /* Assets.xcassets */ = {isa = PBXFileReference; lastKnownFileType = folder.assetcatalog; path = Assets.xcassets; sourceTree = "<group>"; };
		2741CF281C7F63960014D040 /* Base */ = {isa = PBXFileReference; lastKnownFileType = file.storyboard; name = Base; path = Base.lproj/LaunchScreen.storyboard; sourceTree = "<group>"; };
		2741CF2A1C7F63960014D040 /* Info.plist */ = {isa = PBXFileReference; lastKnownFileType = text.plist.xml; path = Info.plist; sourceTree = "<group>"; };
/* End PBXFileReference section */

/* Begin PBXFrameworksBuildPhase section */
		2741CF181C7F63960014D040 /* Frameworks */ = {
			isa = PBXFrameworksBuildPhase;
			buildActionMask = 2147483647;
			files = (
			);
			runOnlyForDeploymentPostprocessing = 0;
		};
/* End PBXFrameworksBuildPhase section */

/* Begin PBXGroup section */
		2741CF121C7F63960014D040 = {
			isa = PBXGroup;
			children = (
				2741CF1D1C7F63960014D040 /* stack-views2 */,
				2741CF1C1C7F63960014D040 /* Products */,
			);
			sourceTree = "<group>";
		};
		2741CF1C1C7F63960014D040 /* Products */ = {
			isa = PBXGroup;
			children = (
				2741CF1B1C7F63960014D040 /* stack-views2.app */,
			);
			name = Products;
			sourceTree = "<group>";
		};
		2741CF1D1C7F63960014D040 /* stack-views2 */ = {
			isa = PBXGroup;
			children = (
				2741CF1E1C7F63960014D040 /* AppDelegate.swift */,
				2741CF201C7F63960014D040 /* ViewController.swift */,
				2741CF221C7F63960014D040 /* Main.storyboard */,
				2741CF251C7F63960014D040 /* Assets.xcassets */,
				2741CF271C7F63960014D040 /* LaunchScreen.storyboard */,
				2741CF2A1C7F63960014D040 /* Info.plist */,
			);
			path = "stack-views2";
			sourceTree = "<group>";
		};
/* End PBXGroup section */

/* Begin PBXNativeTarget section */
		2741CF1A1C7F63960014D040 /* stack-views2 */ = {
			isa = PBXNativeTarget;
			buildConfigurationList = 2741CF2D1C7F63960014D040 /* Build configuration list for PBXNativeTarget "stack-views2" */;
			buildPhases = (
				2741CF171C7F63960014D040 /* Sources */,
				2741CF181C7F63960014D040 /* Frameworks */,
				2741CF191C7F63960014D040 /* Resources */,
			);
			buildRules = (
			);
			dependencies = (
			);
			name = "stack-views2";
			productName = "stack-views2";
			productReference = 2741CF1B1C7F63960014D040 /* stack-views2.app */;
			productType = "com.apple.product-type.application";
		};
/* End PBXNativeTarget section */

/* Begin PBXProject section */
		2741CF131C7F63960014D040 /* Project object */ = {
			isa = PBXProject;
			attributes = {
				LastSwiftUpdateCheck = 0720;
				LastUpgradeCheck = 0720;
				ORGANIZATIONNAME = Otto;
				TargetAttributes = {
					2741CF1A1C7F63960014D040 = {
						CreatedOnToolsVersion = 7.2.1;
						DevelopmentTeam = UF4JKDCULU;
					};
				};
			};
			buildConfigurationList = 2741CF161C7F63960014D040 /* Build configuration list for PBXProject "stack-views2" */;
			compatibilityVersion = "Xcode 3.2";
			developmentRegion = English;
			hasScannedForEncodings = 0;
			knownRegions = (
				en,
				Base,
			);
			mainGroup = 2741CF121C7F63960014D040;
			productRefGroup = 2741CF1C1C7F63960014D040 /* Products */;
			projectDirPath = "";
			projectRoot = "";
			targets = (
				2741CF1A1C7F63960014D040 /* stack-views2 */,
			);
		};
/* End PBXProject section */

/* Begin PBXResourcesBuildPhase section */
		2741CF191C7F63960014D040 /* Resources */ = {
			isa = PBXResourcesBuildPhase;
			buildActionMask = 2147483647;
			files = (
				2741CF291C7F63960014D040 /* LaunchScreen.storyboard in Resources */,
				2741CF261C7F63960014D040 /* Assets.xcassets in Resources */,
				2741CF241C7F63960014D040 /* Main.storyboard in Resources */,
			);
			runOnlyForDeploymentPostprocessing = 0;
		};
/* End PBXResourcesBuildPhase section */

/* Begin PBXSourcesBuildPhase section */
		2741CF171C7F63960014D040 /* Sources */ = {
			isa = PBXSourcesBuildPhase;
			buildActionMask = 2147483647;
			files = (
				2741CF211C7F63960014D040 /* ViewController.swift in Sources */,
				2741CF1F1C7F63960014D040 /* AppDelegate.swift in Sources */,
			);
			runOnlyForDeploymentPostprocessing = 0;
		};
/* End PBXSourcesBuildPhase section */

/* Begin PBXVariantGroup section */
		2741CF221C7F63960014D040 /* Main.storyboard */ = {
			isa = PBXVariantGroup;
			children = (
				2741CF231C7F63960014D040 /* Base */,
			);
			name = Main.storyboard;
			sourceTree = "<group>";
		};
		2741CF271C7F63960014D040 /* LaunchScreen.storyboard */ = {
			isa = PBXVariantGroup;
			children = (
				2741CF281C7F63960014D040 /* Base */,
			);
			name = LaunchScreen.storyboard;
			sourceTree = "<group>";
		};
/* End PBXVariantGroup section */

/* Begin XCBuildConfiguration section */
		2741CF2B1C7F63960014D040 /* Debug */ = {
			isa = XCBuildConfiguration;
			buildSettings = {
				ALWAYS_SEARCH_USER_PATHS = NO;
				CLANG_CXX_LANGUAGE_STANDARD = "gnu++0x";
				CLANG_CXX_LIBRARY = "libc++";
				CLANG_ENABLE_MODULES = YES;
				CLANG_ENABLE_OBJC_ARC = YES;
				CLANG_WARN_BOOL_CONVERSION = YES;
				CLANG_WARN_CONSTANT_CONVERSION = YES;
				CLANG_WARN_DIRECT_OBJC_ISA_USAGE = YES_ERROR;
				CLANG_WARN_EMPTY_BODY = YES;
				CLANG_WARN_ENUM_CONVERSION = YES;
				CLANG_WARN_INT_CONVERSION = YES;
				CLANG_WARN_OBJC_ROOT_CLASS = YES_ERROR;
				CLANG_WARN_UNREACHABLE_CODE = YES;
				CLANG_WARN__DUPLICATE_METHOD_MATCH = YES;
				"CODE_SIGN_IDENTITY[sdk=iphoneos*]" = "iPhone Developer";
				COPY_PHASE_STRIP = NO;
				DEBUG_INFORMATION_FORMAT = dwarf;
				ENABLE_STRICT_OBJC_MSGSEND = YES;
				ENABLE_TESTABILITY = YES;
				GCC_C_LANGUAGE_STANDARD = gnu99;
				GCC_DYNAMIC_NO_PIC = NO;
				GCC_NO_COMMON_BLOCKS = YES;
				GCC_OPTIMIZATION_LEVEL = 0;
				GCC_PREPROCESSOR_DEFINITIONS = (
					"DEBUG=1",
					"$(inherited)",
				);
				GCC_WARN_64_TO_32_BIT_CONVERSION = YES;
				GCC_WARN_ABOUT_RETURN_TYPE = YES_ERROR;
				GCC_WARN_UNDECLARED_SELECTOR = YES;
				GCC_WARN_UNINITIALIZED_AUTOS = YES_AGGRESSIVE;
				GCC_WARN_UNUSED_FUNCTION = YES;
				GCC_WARN_UNUSED_VARIABLE = YES;
				IPHONEOS_DEPLOYMENT_TARGET = 9.2;
				MTL_ENABLE_DEBUG_INFO = YES;
				ONLY_ACTIVE_ARCH = YES;
				SDKROOT = iphoneos;
				SWIFT_OPTIMIZATION_LEVEL = "-Onone";
			};
			name = Debug;
		};
		2741CF2C1C7F63960014D040 /* Release */ = {
			isa = XCBuildConfiguration;
			buildSettings = {
				ALWAYS_SEARCH_USER_PATHS = NO;
				CLANG_CXX_LANGUAGE_STANDARD = "gnu++0x";
				CLANG_CXX_LIBRARY = "libc++";
				CLANG_ENABLE_MODULES = YES;
				CLANG_ENABLE_OBJC_ARC = YES;
				CLANG_WARN_BOOL_CONVERSION = YES;
				CLANG_WARN_CONSTANT_CONVERSION = YES;
				CLANG_WARN_DIRECT_OBJC_ISA_USAGE = YES_ERROR;
				CLANG_WARN_EMPTY_BODY = YES;
				CLANG_WARN_ENUM_CONVERSION = YES;
				CLANG_WARN_INT_CONVERSION = YES;
				CLANG_WARN_OBJC_ROOT_CLASS = YES_ERROR;
				CLANG_WARN_UNREACHABLE_CODE = YES;
				CLANG_WARN__DUPLICATE_METHOD_MATCH = YES;
				"CODE_SIGN_IDENTITY[sdk=iphoneos*]" = "iPhone Developer";
				COPY_PHASE_STRIP = NO;
				DEBUG_INFORMATION_FORMAT = "dwarf-with-dsym";
				ENABLE_NS_ASSERTIONS = NO;
				ENABLE_STRICT_OBJC_MSGSEND = YES;
				GCC_C_LANGUAGE_STANDARD = gnu99;
				GCC_NO_COMMON_BLOCKS = YES;
				GCC_WARN_64_TO_32_BIT_CONVERSION = YES;
				GCC_WARN_ABOUT_RETURN_TYPE = YES_ERROR;
				GCC_WARN_UNDECLARED_SELECTOR = YES;
				GCC_WARN_UNINITIALIZED_AUTOS = YES_AGGRESSIVE;
				GCC_WARN_UNUSED_FUNCTION = YES;
				GCC_WARN_UNUSED_VARIABLE = YES;
				IPHONEOS_DEPLOYMENT_TARGET = 9.2;
				MTL_ENABLE_DEBUG_INFO = NO;
				SDKROOT = iphoneos;
				VALIDATE_PRODUCT = YES;
			};
			name = Release;
		};
		2741CF2E1C7F63960014D040 /* Debug */ = {
			isa = XCBuildConfiguration;
			buildSettings = {
				ASSETCATALOG_COMPILER_APPICON_NAME = AppIcon;
				INFOPLIST_FILE = "stack-views2/Info.plist";
				LD_RUNPATH_SEARCH_PATHS = "$(inherited) @executable_path/Frameworks";
				PRODUCT_BUNDLE_IDENTIFIER = "com.coder.otto.stack-views2";
				PRODUCT_NAME = "$(TARGET_NAME)";
				TARGETED_DEVICE_FAMILY = "1,2";
			};
			name = Debug;
		};
		2741CF2F1C7F63960014D040 /* Release */ = {
			isa = XCBuildConfiguration;
			buildSettings = {
				ASSETCATALOG_COMPILER_APPICON_NAME = AppIcon;
				INFOPLIST_FILE = "stack-views2/Info.plist";
				LD_RUNPATH_SEARCH_PATHS = "$(inherited) @executable_path/Frameworks";
				PRODUCT_BUNDLE_IDENTIFIER = "com.coder.otto.stack-views2";
				PRODUCT_NAME = "$(TARGET_NAME)";
				TARGETED_DEVICE_FAMILY = "1,2";
			};
			name = Release;
		};
/* End XCBuildConfiguration section */

/* Begin XCConfigurationList section */
		2741CF161C7F63960014D040 /* Build configuration list for PBXProject "stack-views2" */ = {
			isa = XCConfigurationList;
			buildConfigurations = (
				2741CF2B1C7F63960014D040 /* Debug */,
				2741CF2C1C7F63960014D040 /* Release */,
			);
			defaultConfigurationIsVisible = 0;
			defaultConfigurationName = Release;
		};
		2741CF2D1C7F63960014D040 /* Build configuration list for PBXNativeTarget "stack-views2" */ = {
			isa = XCConfigurationList;
			buildConfigurations = (
				2741CF2E1C7F63960014D040 /* Debug */,
				2741CF2F1C7F63960014D040 /* Release */,
			);
			defaultConfigurationIsVisible = 0;
		};
/* End XCConfigurationList section */
	};
	rootObject = 2741CF131C7F63960014D040 /* Project object */;
}
